
Microsoft Visual Studio Solution File, Format Version 12.00
# Visual Studio Version 17
VisualStudioVersion = 17.9.34902.65
MinimumVisualStudioVersion = 10.0.40219.1
Project("{FAE04EC0-301F-11D3-BF4B-00C04F79EFBC}") = "OnlineStore", "OnlineStore\OnlineStore.csproj", "{C80D7266-E316-4A9F-A89B-EFC75A123BE3}"
EndProject
Global
	GlobalSection(SolutionConfigurationPlatforms) = preSolution
		Debug|Any CPU = Debug|Any CPU
		Release|Any CPU = Release|Any CPU
	EndGlobalSection
	GlobalSection(ProjectConfigurationPlatforms) = postSolution
		{C80D7266-E316-4A9F-A89B-EFC75A123BE3}.Debug|Any CPU.ActiveCfg = Debug|Any CPU
		{C80D7266-E316-4A9F-A89B-EFC75A123BE3}.Debug|Any CPU.Build.0 = Debug|Any CPU
		{C80D7266-E316-4A9F-A89B-EFC75A123BE3}.Release|Any CPU.ActiveCfg = Release|Any CPU
		{C80D7266-E316-4A9F-A89B-EFC75A123BE3}.Release|Any CPU.Build.0 = Release|Any CPU
	EndGlobalSection
	GlobalSection(SolutionProperties) = preSolution
		HideSolutionNode = FALSE
	EndGlobalSection
	GlobalSection(ExtensibilityGlobals) = postSolution
		SolutionGuid = {18BDF3DD-43AA-4486-8A6C-DDD8B0A64F4B}
	EndGlobalSection
EndGlobal
